<?xml version="1.0" encoding="utf-8"?>
<Project ToolsVersion="4.0" xmlns="http://schemas.microsoft.com/developer/msbuild/2003">
  <ItemGroup>
    <Filter Include="Physics">
      <UniqueIdentifier>{442f151d-f814-4960-89bd-85cccc63dcc2}</UniqueIdentifier>
    </Filter>
    <Filter Include="Physics\Forces">
      <UniqueIdentifier>{a97e7215-21ac-42ed-bec8-ea7f16247825}</UniqueIdentifier>
    </Filter>
    <Filter Include="PhysicScenes">
      <UniqueIdentifier>{729cf0a6-6458-4309-9f31-aa4a879d91d7}</UniqueIdentifier>
    </Filter>
    <Filter Include="DirectXTK">
      <UniqueIdentifier>{742ee6a7-2004-4d51-93e4-4f13fc4db2dd}</UniqueIdentifier>
    </Filter>
    <Filter Include="DirectXTK\Assets">
      <UniqueIdentifier>83fe6c8c-be7b-43b7-9541-8fdd915a89ef</UniqueIdentifier>
      <Extensions>ico;cur;bmp;dds;dlg;fbx;rct;bin;rgs;gif;jpg;jpeg;jpe;resx;tga;tiff;tif;png;wav;mfcribbon-ms</Extensions>
    </Filter>
    <Filter Include="DirectXTK\Common">
      <UniqueIdentifier>54f8bcd0-83b2-4bf7-9bb6-c020f533b6de</UniqueIdentifier>
    </Filter>
    <Filter Include="Physics\Components">
      <UniqueIdentifier>{7d729636-637a-4085-81f8-f966ff2183c8}</UniqueIdentifier>
    </Filter>
    <Filter Include="Physics\Components\Particles">
      <UniqueIdentifier>{83e40fa8-a51b-462a-8666-235b9588d08a}</UniqueIdentifier>
    </Filter>
    <Filter Include="Physics\Systems">
      <UniqueIdentifier>{8cc54083-a8ee-4103-b26d-280041b90cd9}</UniqueIdentifier>
    </Filter>
    <Filter Include="Physics\Systems\Entity">
      <UniqueIdentifier>{2406c2dc-181f-470f-a195-b30da59b7d29}</UniqueIdentifier>
    </Filter>
    <Filter Include="Physics\Entity">
      <UniqueIdentifier>{fe12f256-69aa-44e3-b3b9-a686f31d0ec6}</UniqueIdentifier>
    </Filter>
    <Filter Include="Physics\Systems\Forces">
      <UniqueIdentifier>{90ebd45b-00d4-4552-9fe5-9251690dc82c}</UniqueIdentifier>
    </Filter>
  </ItemGroup>
  <ItemGroup>
    <ClInclude Include="DirectXTK\Game.h">
      <Filter>DirectXTK</Filter>
    </ClInclude>
    <ClInclude Include="DirectXTK\Common\DeviceResources.h">
      <Filter>DirectXTK\Common</Filter>
    </ClInclude>
    <ClInclude Include="DirectXTK\Common\StepTimer.h">
      <Filter>DirectXTK\Common</Filter>
    </ClInclude>
    <ClInclude Include="PhysicScenes\BulletScene.h">
      <Filter>PhysicScenes</Filter>
    </ClInclude>
    <ClInclude Include="PhysicScenes\FireworkScene.h">
      <Filter>PhysicScenes</Filter>
    </ClInclude>
    <ClInclude Include="PhysicScenes\PhysicsScene.h">
      <Filter>PhysicScenes</Filter>
    </ClInclude>
    <ClInclude Include="Physics\Core.h">
      <Filter>Physics</Filter>
    </ClInclude>
    <ClInclude Include="Physics\Precision.h">
      <Filter>Physics</Filter>
    </ClInclude>
    <ClInclude Include="Physics\Forces\DragForce.h">
      <Filter>Physics\Forces</Filter>
    </ClInclude>
    <ClInclude Include="Physics\Forces\Force.h">
      <Filter>Physics\Forces</Filter>
    </ClInclude>
    <ClInclude Include="Physics\Forces\GravityForce.h">
      <Filter>Physics\Forces</Filter>
    </ClInclude>
    <ClInclude Include="pch.h" />
    <ClInclude Include="Component.h" />
    <ClInclude Include="DirectXTK\Components\MeshComponent.h">
      <Filter>DirectXTK</Filter>
    </ClInclude>
    <ClInclude Include="Physics\Components\Particles\Particle.h">
      <Filter>Physics\Components\Particles</Filter>
    </ClInclude>
    <ClInclude Include="Physics\Systems\Entity\PhysicsEntityHelper.h">
      <Filter>Physics\Systems\Entity</Filter>
    </ClInclude>
    <ClInclude Include="Physics\Entity\PhysicsEntity.h">
      <Filter>Physics\Entity</Filter>
    </ClInclude>
    <ClInclude Include="Physics\Components\Particles\FireworkComponent.h">
      <Filter>Physics\Components\Particles</Filter>
    </ClInclude>
    <ClInclude Include="Physics\Components\RelativeForceComponent.h">
      <Filter>Physics\Components</Filter>
    </ClInclude>
    <ClInclude Include="Physics\Systems\Forces\ForceHelper.h">
      <Filter>Physics\Systems\Forces</Filter>
    </ClInclude>
    <ClInclude Include="Physics\Forces\SpringForce.h">
      <Filter>Physics\Forces</Filter>
    </ClInclude>
    <ClInclude Include="Physics\Forces\BuoyancyForce.h">
      <Filter>Physics\Forces</Filter>
    </ClInclude>
    <ClInclude Include="Physics\Forces\StiffSpringForce.h">
      <Filter>Physics\Forces</Filter>
    </ClInclude>
    <ClInclude Include="Physics\Systems\CollisionHelper.h">
      <Filter>Physics\Systems</Filter>
    </ClInclude>
    <ClInclude Include="Physics\Systems\CollisionResolver.h">
      <Filter>Physics\Systems</Filter>
    </ClInclude>
    <ClInclude Include="Physics\Entity\CollisionInformation.h" />
  </ItemGroup>
  <ItemGroup>
    <ClCompile Include="Main.cpp" />
    <ClCompile Include="DirectXTK\Game.cpp">
      <Filter>DirectXTK</Filter>
    </ClCompile>
    <ClCompile Include="DirectXTK\Common\DeviceResources.cpp">
      <Filter>DirectXTK\Common</Filter>
    </ClCompile>
    <ClCompile Include="PhysicScenes\BulletScene.cpp">
      <Filter>PhysicScenes</Filter>
    </ClCompile>
    <ClCompile Include="PhysicScenes\FireworkScene.cpp">
      <Filter>PhysicScenes</Filter>
    </ClCompile>
    <ClCompile Include="PhysicScenes\PhysicsScene.cpp">
      <Filter>PhysicScenes</Filter>
    </ClCompile>
    <ClCompile Include="Physics\Precision.cpp">
      <Filter>Physics</Filter>
    </ClCompile>
    <ClCompile Include="Physics\Forces\DragForce.cpp">
      <Filter>Physics\Forces</Filter>
    </ClCompile>
    <ClCompile Include="Physics\Forces\GravityForce.cpp">
      <Filter>Physics\Forces</Filter>
    </ClCompile>
    <ClCompile Include="pch.cpp" />
    <ClCompile Include="Component.cpp" />
    <ClCompile Include="DirectXTK\Components\MeshComponent.cpp">
      <Filter>DirectXTK</Filter>
    </ClCompile>
    <ClCompile Include="Physics\Components\Particles\Particle.cpp">
      <Filter>Physics\Components\Particles</Filter>
    </ClCompile>
    <ClCompile Include="Physics\Systems\Entity\PhysicsEntityHelper.cpp">
      <Filter>Physics\Systems\Entity</Filter>
    </ClCompile>
    <ClCompile Include="Physics\Entity\PhysicsEntity.cpp">
      <Filter>Physics\Entity</Filter>
    </ClCompile>
    <ClCompile Include="Physics\Components\Particles\FireworkComponent.cpp">
      <Filter>Physics\Components\Particles</Filter>
    </ClCompile>
    <ClCompile Include="Physics\Components\RelativeForceComponent.cpp">
      <Filter>Physics\Components</Filter>
    </ClCompile>
    <ClCompile Include="Physics\Systems\Forces\ForceHelper.cpp">
      <Filter>Physics\Systems\Forces</Filter>
    </ClCompile>
    <ClCompile Include="Physics\Forces\SpringForce.cpp">
      <Filter>Physics\Forces</Filter>
    </ClCompile>
    <ClCompile Include="Physics\Forces\StiffSpringForce.cpp">
      <Filter>Physics\Forces</Filter>
    </ClCompile>
    <ClCompile Include="Physics\Forces\BuoyancyForce.cpp">
      <Filter>Physics\Forces</Filter>
    </ClCompile>
    <ClCompile Include="Physics\Systems\CollisionHelper.cpp">
      <Filter>Physics\Systems</Filter>
    </ClCompile>
    <ClCompile Include="Physics\Systems\CollisionResolver.cpp">
      <Filter>Physics\Systems</Filter>
    </ClCompile>
    <ClCompile Include="CollisionInformation.cpp" />
  </ItemGroup>
  <ItemGroup>
    <None Include="packages.config" />
  </ItemGroup>
  <ItemGroup>
    <ResourceCompile Include="DirectXTK\resource.rc">
      <Filter>DirectXTK</Filter>
    </ResourceCompile>
  </ItemGroup>
  <ItemGroup>
    <Image Include="DirectXTK\Assets\directx.ico">
      <Filter>DirectXTK\Assets</Filter>
    </Image>
  </ItemGroup>
  <ItemGroup>
    <Manifest Include="DirectXTK\Assets\settings.manifest">
      <Filter>DirectXTK\Assets</Filter>
    </Manifest>
  </ItemGroup>
</Project>